
Microsoft Visual Studio Solution File, Format Version 12.00
# Visual Studio Version 17
VisualStudioVersion = 17.8.34525.116
MinimumVisualStudioVersion = 10.0.40219.1
Project("{FAE04EC0-301F-11D3-BF4B-00C04F79EFBC}") = "Week6StringAndArrays", "Week6StringAndArrays\Week6StringAndArrays.csproj", "{76843B96-C98C-4658-AA84-E172B8D859AC}"
EndProject
Project("{FAE04EC0-301F-11D3-BF4B-00C04F79EFBC}") = "Arrays", "Arrays\Arrays.csproj", "{EF7007AF-A68E-49D6-A088-A7C4950B7675}"
EndProject
Global
	GlobalSection(SolutionConfigurationPlatforms) = preSolution
		Debug|Any CPU = Debug|Any CPU
		Release|Any CPU = Release|Any CPU
	EndGlobalSection
	GlobalSection(ProjectConfigurationPlatforms) = postSolution
		{76843B96-C98C-4658-AA84-E172B8D859AC}.Debug|Any CPU.ActiveCfg = Debug|Any CPU
		{76843B96-C98C-4658-AA84-E172B8D859AC}.Debug|Any CPU.Build.0 = Debug|Any CPU
		{76843B96-C98C-4658-AA84-E172B8D859AC}.Release|Any CPU.ActiveCfg = Release|Any CPU
		{76843B96-C98C-4658-AA84-E172B8D859AC}.Release|Any CPU.Build.0 = Release|Any CPU
		{EF7007AF-A68E-49D6-A088-A7C4950B7675}.Debug|Any CPU.ActiveCfg = Debug|Any CPU
		{EF7007AF-A68E-49D6-A088-A7C4950B7675}.Debug|Any CPU.Build.0 = Debug|Any CPU
		{EF7007AF-A68E-49D6-A088-A7C4950B7675}.Release|Any CPU.ActiveCfg = Release|Any CPU
		{EF7007AF-A68E-49D6-A088-A7C4950B7675}.Release|Any CPU.Build.0 = Release|Any CPU
	EndGlobalSection
	GlobalSection(SolutionProperties) = preSolution
		HideSolutionNode = FALSE
	EndGlobalSection
	GlobalSection(ExtensibilityGlobals) = postSolution
		SolutionGuid = {B56FBCFB-5DF7-49D6-B2E3-842AF81160CD}
	EndGlobalSection
EndGlobal
